
Microsoft Visual Studio Solution File, Format Version 12.00
# Visual Studio Version 17
VisualStudioVersion = 17.14.36915.13 d17.14
MinimumVisualStudioVersion = 10.0.40219.1
Project("{FAE04EC0-301F-11D3-BF4B-00C04F79EFBC}") = "EternaApp", "EternaApp.csproj", "{3F27AED9-FB9E-4B67-8F68-72AB80319FDB}"
EndProject
Global
	GlobalSection(SolutionConfigurationPlatforms) = preSolution
		Debug|Any CPU = Debug|Any CPU
		Release|Any CPU = Release|Any CPU
	EndGlobalSection
	GlobalSection(ProjectConfigurationPlatforms) = postSolution
		{3F27AED9-FB9E-4B67-8F68-72AB80319FDB}.Debug|Any CPU.ActiveCfg = Debug|Any CPU
		{3F27AED9-FB9E-4B67-8F68-72AB80319FDB}.Debug|Any CPU.Build.0 = Debug|Any CPU
		{3F27AED9-FB9E-4B67-8F68-72AB80319FDB}.Release|Any CPU.ActiveCfg = Release|Any CPU
		{3F27AED9-FB9E-4B67-8F68-72AB80319FDB}.Release|Any CPU.Build.0 = Release|Any CPU
	EndGlobalSection
	GlobalSection(SolutionProperties) = preSolution
		HideSolutionNode = FALSE
	EndGlobalSection
	GlobalSection(ExtensibilityGlobals) = postSolution
		SolutionGuid = {7A5CD1C9-5302-46D2-B25B-86DF2165AC52}
	EndGlobalSection
EndGlobal
